{
  "name": "EstadoNovo",
  "requires": true,
  "lockfileVersion": 1,
  "dependencies": {
    "cross-fetch": {
      "version": "3.1.5",
      "resolved": "https://registry.npmjs.org/cross-fetch/-/cross-fetch-3.1.5.tgz",
      "integrity": "sha512-lvb1SBsI0Z7GDwmuid+mU3kWVBwTVUbe7S0H52yaaAdQOXq2YktTCZdlAcNKFzE6QtRz0snpw9bNiPeOIkkQvw==",
      "requires": {
        "node-fetch": "2.6.7"
      }
    },
    "json": {
      "version": "11.0.0",
      "resolved": "https://registry.npmjs.org/json/-/json-11.0.0.tgz",
      "integrity": "sha512-N/ITv3Yw9Za8cGxuQqSqrq6RHnlaHWZkAFavcfpH/R52522c26EbihMxnY7A1chxfXJ4d+cEFIsyTgfi9GihrA=="
    },
    "module-alias": {
      "version": "2.2.2",
      "resolved": "https://registry.npmjs.org/module-alias/-/module-alias-2.2.2.tgz",
      "integrity": "sha512-A/78XjoX2EmNvppVWEhM2oGk3x4lLxnkEA4jTbaK97QKSDjkIoOsKQlfylt/d3kKKi596Qy3NP5XrXJ6fZIC9Q=="
    },
    "node-fetch": {
      "version": "2.6.7",
      "resolved": "https://registry.npmjs.org/node-fetch/-/node-fetch-2.6.7.tgz",
      "integrity": "sha512-ZjMPFEfVx5j+y2yF35Kzx5sF7kDzxuDj6ziH4FFbOp87zKDZNx8yExJIb05OGF4Nlt9IHFIMBkRl41VdvcNdbQ==",
      "requires": {
        "whatwg-url": "^5.0.0"
      }
    },
    "raylib": {
      "version": "0.12.0",
      "resolved": "https://registry.npmjs.org/raylib/-/raylib-0.12.0.tgz",
      "integrity": "sha512-29H3uK4xHVyEw+jzdi4ISc22pTH71iq6DFOPiofg2z35uUQIdx8tTqg32zQHU1MXLZhMm6uCnzlYbNFyZIEIXA==",
      "requires": {
        "cross-fetch": "^3.1.5",
        "module-alias": "^2.2.2"
      }
    },
    "tr46": {
      "version": "0.0.3",
      "resolved": "https://registry.npmjs.org/tr46/-/tr46-0.0.3.tgz",
      "integrity": "sha512-N3WMsuqV66lT30CrXNbEjx4GEwlow3v6rr4mCcv6prnfwhS01rkgyFdjPNBYd9br7LpXV1+Emh01fHnq2Gdgrw=="
    },
    "webidl-conversions": {
      "version": "3.0.1",
      "resolved": "https://registry.npmjs.org/webidl-conversions/-/webidl-conversions-3.0.1.tgz",
      "integrity": "sha512-2JAn3z8AR6rjK8Sm8orRC0h/bcl/DqL7tRPdGZ4I1CjdF+EaMLmYxBHyXuKL849eucPFhvBoxMsflfOb8kxaeQ=="
    },
    "whatwg-url": {
      "version": "5.0.0",
      "resolved": "https://registry.npmjs.org/whatwg-url/-/whatwg-url-5.0.0.tgz",
      "integrity": "sha512-saE57nupxk6v3HY35+jzBwYa0rKSy0XR8JSxZPwgLr7ys0IBzhGviA1/TUGJLmSVqs8pb9AnvICXEuOHLprYTw==",
      "requires": {
        "tr46": "~0.0.3",
        "webidl-conversions": "^3.0.0"
      }
    },
    "yarn": {
      "version": "1.22.19",
      "resolved": "https://registry.npmjs.org/yarn/-/yarn-1.22.19.tgz",
      "integrity": "sha512-/0V5q0WbslqnwP91tirOvldvYISzaqhClxzyUKXYxs07yUILIs5jx/k6CFe8bvKSkds5w+eiOqta39Wk3WxdcQ=="
    }
  }
}
